
Microsoft Visual Studio Solution File, Format Version 12.00
# Visual Studio Version 17
VisualStudioVersion = 17.5.002.0
MinimumVisualStudioVersion = 10.0.40219.1
Project("{2150E333-8FDC-42A3-9474-1A3956D46DE8}") = "test", "test", "{3B794D25-5540-4B7F-B9D9-20EE1E4DFF32}"
EndProject
Project("{9A19103F-16F7-4668-BE54-9A1E7A4F7556}") = "GetSignUpsLambda.Tests", "test\GetSignUpsLambda.Tests\GetSignUpsLambda.Tests.csproj", "{8C1BE0A4-FB6D-4022-A030-D10CECC1DFBA}"
EndProject
Project("{2150E333-8FDC-42A3-9474-1A3956D46DE8}") = "src", "src", "{E97F382E-5C58-4537-92B8-74CF9E423364}"
EndProject
Project("{9A19103F-16F7-4668-BE54-9A1E7A4F7556}") = "GetSignUpsLambda", "src\GetSignUpsLambda\GetSignUpsLambda.csproj", "{41737B72-43C3-4008-87F4-45BEEBB1BE45}"
EndProject
Global
	GlobalSection(SolutionConfigurationPlatforms) = preSolution
		Debug|Any CPU = Debug|Any CPU
		Release|Any CPU = Release|Any CPU
	EndGlobalSection
	GlobalSection(ProjectConfigurationPlatforms) = postSolution
		{8C1BE0A4-FB6D-4022-A030-D10CECC1DFBA}.Debug|Any CPU.ActiveCfg = Debug|Any CPU
		{8C1BE0A4-FB6D-4022-A030-D10CECC1DFBA}.Debug|Any CPU.Build.0 = Debug|Any CPU
		{8C1BE0A4-FB6D-4022-A030-D10CECC1DFBA}.Release|Any CPU.ActiveCfg = Release|Any CPU
		{8C1BE0A4-FB6D-4022-A030-D10CECC1DFBA}.Release|Any CPU.Build.0 = Release|Any CPU
		{41737B72-43C3-4008-87F4-45BEEBB1BE45}.Debug|Any CPU.ActiveCfg = Debug|Any CPU
		{41737B72-43C3-4008-87F4-45BEEBB1BE45}.Debug|Any CPU.Build.0 = Debug|Any CPU
		{41737B72-43C3-4008-87F4-45BEEBB1BE45}.Release|Any CPU.ActiveCfg = Release|Any CPU
		{41737B72-43C3-4008-87F4-45BEEBB1BE45}.Release|Any CPU.Build.0 = Release|Any CPU
	EndGlobalSection
	GlobalSection(SolutionProperties) = preSolution
		HideSolutionNode = FALSE
	EndGlobalSection
	GlobalSection(NestedProjects) = preSolution
		{8C1BE0A4-FB6D-4022-A030-D10CECC1DFBA} = {3B794D25-5540-4B7F-B9D9-20EE1E4DFF32}
		{41737B72-43C3-4008-87F4-45BEEBB1BE45} = {E97F382E-5C58-4537-92B8-74CF9E423364}
	EndGlobalSection
	GlobalSection(ExtensibilityGlobals) = postSolution
		SolutionGuid = {6F97DAB5-BD76-4854-92FD-74CDC70CF573}
	EndGlobalSection
EndGlobal
