Microsoft Visual Studio Solution File, Format Version 12.00
# Visual Studio Version 17
VisualStudioVersion = 17.5.2.0
MinimumVisualStudioVersion = 10.0.40219.1
Project("{FAE04EC0-301F-11D3-BF4B-00C04F79EFBC}") = "GetSignUpsLambda", "GetSignUpsLambda.csproj", "{16C650AE-F7D9-7FAE-F450-4399F24D14F5}"
EndProject
Global
	GlobalSection(SolutionConfigurationPlatforms) = preSolution
		Debug|Any CPU = Debug|Any CPU
		Release|Any CPU = Release|Any CPU
	EndGlobalSection
	GlobalSection(ProjectConfigurationPlatforms) = postSolution
		{16C650AE-F7D9-7FAE-F450-4399F24D14F5}.Debug|Any CPU.ActiveCfg = Debug|Any CPU
		{16C650AE-F7D9-7FAE-F450-4399F24D14F5}.Debug|Any CPU.Build.0 = Debug|Any CPU
		{16C650AE-F7D9-7FAE-F450-4399F24D14F5}.Release|Any CPU.ActiveCfg = Release|Any CPU
		{16C650AE-F7D9-7FAE-F450-4399F24D14F5}.Release|Any CPU.Build.0 = Release|Any CPU
	EndGlobalSection
	GlobalSection(SolutionProperties) = preSolution
		HideSolutionNode = FALSE
	EndGlobalSection
	GlobalSection(ExtensibilityGlobals) = postSolution
		SolutionGuid = {7DA6921C-E5A5-44B9-AC6C-A47461217351}
	EndGlobalSection
EndGlobal
